// !$*UTF8*$!
{
	archiveVersion = 1;
	classes = {
	};
	objectVersion = 56;
	objects = {

/* Begin PBXBuildFile section */
		FCCD66992BCDF6DF00535FB4 /* ContentView.swift in Sources */ = {isa = PBXBuildFile; fileRef = FCCD66982BCDF6DF00535FB4 /* ContentView.swift */; };
		FCCD669B2BCDF6E000535FB4 /* Assets.xcassets in Resources */ = {isa = PBXBuildFile; fileRef = FCCD669A2BCDF6E000535FB4 /* Assets.xcassets */; };
		FCCD669E2BCDF6E000535FB4 /* Preview Assets.xcassets in Resources */ = {isa = PBXBuildFile; fileRef = FCCD669D2BCDF6E000535FB4 /* Preview Assets.xcassets */; };
		FCCD66A92BCDF6E100535FB4 /* Lab18_MementoTests.swift in Sources */ = {isa = PBXBuildFile; fileRef = FCCD66A82BCDF6E100535FB4 /* Lab18_MementoTests.swift */; };
		FCCD66B32BCDF6E100535FB4 /* Lab18_MementoUITests.swift in Sources */ = {isa = PBXBuildFile; fileRef = FCCD66B22BCDF6E100535FB4 /* Lab18_MementoUITests.swift */; };
		FCCD66B52BCDF6E100535FB4 /* Lab18_MementoUITestsLaunchTests.swift in Sources */ = {isa = PBXBuildFile; fileRef = FCCD66B42BCDF6E100535FB4 /* Lab18_MementoUITestsLaunchTests.swift */; };
/* End PBXBuildFile section */

/* Begin PBXContainerItemProxy section */
		FCCD66A52BCDF6E100535FB4 /* PBXContainerItemProxy */ = {
			isa = PBXContainerItemProxy;
			containerPortal = FCCD668B2BCDF6DF00535FB4 /* Project object */;
			proxyType = 1;
			remoteGlobalIDString = FCCD66922BCDF6DF00535FB4;
			remoteInfo = Lab18_Memento;
		};
		FCCD66AF2BCDF6E100535FB4 /* PBXContainerItemProxy */ = {
			isa = PBXContainerItemProxy;
			containerPortal = FCCD668B2BCDF6DF00535FB4 /* Project object */;
			proxyType = 1;
			remoteGlobalIDString = FCCD66922BCDF6DF00535FB4;
			remoteInfo = Lab18_Memento;
		};
/* End PBXContainerItemProxy section */

/* Begin PBXFileReference section */
		FCCD66932BCDF6DF00535FB4 /* Lab18_Memento.app */ = {isa = PBXFileReference; explicitFileType = wrapper.application; includeInIndex = 0; path = Lab18_Memento.app; sourceTree = BUILT_PRODUCTS_DIR; };
		FCCD66982BCDF6DF00535FB4 /* ContentView.swift */ = {isa = PBXFileReference; lastKnownFileType = sourcecode.swift; path = ContentView.swift; sourceTree = "<group>"; };
		FCCD669A2BCDF6E000535FB4 /* Assets.xcassets */ = {isa = PBXFileReference; lastKnownFileType = folder.assetcatalog; path = Assets.xcassets; sourceTree = "<group>"; };
		FCCD669D2BCDF6E000535FB4 /* Preview Assets.xcassets */ = {isa = PBXFileReference; lastKnownFileType = folder.assetcatalog; path = "Preview Assets.xcassets"; sourceTree = "<group>"; };
		FCCD669F2BCDF6E000535FB4 /* Lab18_Memento.entitlements */ = {isa = PBXFileReference; lastKnownFileType = text.plist.entitlements; path = Lab18_Memento.entitlements; sourceTree = "<group>"; };
		FCCD66A42BCDF6E100535FB4 /* Lab18_MementoTests.xctest */ = {isa = PBXFileReference; explicitFileType = wrapper.cfbundle; includeInIndex = 0; path = Lab18_MementoTests.xctest; sourceTree = BUILT_PRODUCTS_DIR; };
		FCCD66A82BCDF6E100535FB4 /* Lab18_MementoTests.swift */ = {isa = PBXFileReference; lastKnownFileType = sourcecode.swift; path = Lab18_MementoTests.swift; sourceTree = "<group>"; };
		FCCD66AE2BCDF6E100535FB4 /* Lab18_MementoUITests.xctest */ = {isa = PBXFileReference; explicitFileType = wrapper.cfbundle; includeInIndex = 0; path = Lab18_MementoUITests.xctest; sourceTree = BUILT_PRODUCTS_DIR; };
		FCCD66B22BCDF6E100535FB4 /* Lab18_MementoUITests.swift */ = {isa = PBXFileReference; lastKnownFileType = sourcecode.swift; path = Lab18_MementoUITests.swift; sourceTree = "<group>"; };
		FCCD66B42BCDF6E100535FB4 /* Lab18_MementoUITestsLaunchTests.swift */ = {isa = PBXFileReference; lastKnownFileType = sourcecode.swift; path = Lab18_MementoUITestsLaunchTests.swift; sourceTree = "<group>"; };
/* End PBXFileReference section */

/* Begin PBXFrameworksBuildPhase section */
		FCCD66902BCDF6DF00535FB4 /* Frameworks */ = {
			isa = PBXFrameworksBuildPhase;
			buildActionMask = 2147483647;
			files = (
			);
			runOnlyForDeploymentPostprocessing = 0;
		};
		FCCD66A12BCDF6E100535FB4 /* Frameworks */ = {
			isa = PBXFrameworksBuildPhase;
			buildActionMask = 2147483647;
			files = (
			);
			runOnlyForDeploymentPostprocessing = 0;
		};
		FCCD66AB2BCDF6E100535FB4 /* Frameworks */ = {
			isa = PBXFrameworksBuildPhase;
			buildActionMask = 2147483647;
			files = (
			);
			runOnlyForDeploymentPostprocessing = 0;
		};
/* End PBXFrameworksBuildPhase section */

/* Begin PBXGroup section */
		FCCD668A2BCDF6DF00535FB4 = {
			isa = PBXGroup;
			children = (
				FCCD66952BCDF6DF00535FB4 /* Lab18_Memento */,
				FCCD66A72BCDF6E100535FB4 /* Lab18_MementoTests */,
				FCCD66B12BCDF6E100535FB4 /* Lab18_MementoUITests */,
				FCCD66942BCDF6DF00535FB4 /* Products */,
			);
			sourceTree = "<group>";
		};
		FCCD66942BCDF6DF00535FB4 /* Products */ = {
			isa = PBXGroup;
			children = (
				FCCD66932BCDF6DF00535FB4 /* Lab18_Memento.app */,
				FCCD66A42BCDF6E100535FB4 /* Lab18_MementoTests.xctest */,
				FCCD66AE2BCDF6E100535FB4 /* Lab18_MementoUITests.xctest */,
			);
			name = Products;
			sourceTree = "<group>";
		};
		FCCD66952BCDF6DF00535FB4 /* Lab18_Memento */ = {
			isa = PBXGroup;
			children = (
				FCCD66982BCDF6DF00535FB4 /* ContentView.swift */,
				FCCD669A2BCDF6E000535FB4 /* Assets.xcassets */,
				FCCD669F2BCDF6E000535FB4 /* Lab18_Memento.entitlements */,
				FCCD669C2BCDF6E000535FB4 /* Preview Content */,
			);
			path = Lab18_Memento;
			sourceTree = "<group>";
		};
		FCCD669C2BCDF6E000535FB4 /* Preview Content */ = {
			isa = PBXGroup;
			children = (
				FCCD669D2BCDF6E000535FB4 /* Preview Assets.xcassets */,
			);
			path = "Preview Content";
			sourceTree = "<group>";
		};
		FCCD66A72BCDF6E100535FB4 /* Lab18_MementoTests */ = {
			isa = PBXGroup;
			children = (
				FCCD66A82BCDF6E100535FB4 /* Lab18_MementoTests.swift */,
			);
			path = Lab18_MementoTests;
			sourceTree = "<group>";
		};
		FCCD66B12BCDF6E100535FB4 /* Lab18_MementoUITests */ = {
			isa = PBXGroup;
			children = (
				FCCD66B22BCDF6E100535FB4 /* Lab18_MementoUITests.swift */,
				FCCD66B42BCDF6E100535FB4 /* Lab18_MementoUITestsLaunchTests.swift */,
			);
			path = Lab18_MementoUITests;
			sourceTree = "<group>";
		};
/* End PBXGroup section */

/* Begin PBXNativeTarget section */
		FCCD66922BCDF6DF00535FB4 /* Lab18_Memento */ = {
			isa = PBXNativeTarget;
			buildConfigurationList = FCCD66B82BCDF6E100535FB4 /* Build configuration list for PBXNativeTarget "Lab18_Memento" */;
			buildPhases = (
				FCCD668F2BCDF6DF00535FB4 /* Sources */,
				FCCD66902BCDF6DF00535FB4 /* Frameworks */,
				FCCD66912BCDF6DF00535FB4 /* Resources */,
			);
			buildRules = (
			);
			dependencies = (
			);
			name = Lab18_Memento;
			productName = Lab18_Memento;
			productReference = FCCD66932BCDF6DF00535FB4 /* Lab18_Memento.app */;
			productType = "com.apple.product-type.application";
		};
		FCCD66A32BCDF6E100535FB4 /* Lab18_MementoTests */ = {
			isa = PBXNativeTarget;
			buildConfigurationList = FCCD66BB2BCDF6E100535FB4 /* Build configuration list for PBXNativeTarget "Lab18_MementoTests" */;
			buildPhases = (
				FCCD66A02BCDF6E100535FB4 /* Sources */,
				FCCD66A12BCDF6E100535FB4 /* Frameworks */,
				FCCD66A22BCDF6E100535FB4 /* Resources */,
			);
			buildRules = (
			);
			dependencies = (
				FCCD66A62BCDF6E100535FB4 /* PBXTargetDependency */,
			);
			name = Lab18_MementoTests;
			productName = Lab18_MementoTests;
			productReference = FCCD66A42BCDF6E100535FB4 /* Lab18_MementoTests.xctest */;
			productType = "com.apple.product-type.bundle.unit-test";
		};
		FCCD66AD2BCDF6E100535FB4 /* Lab18_MementoUITests */ = {
			isa = PBXNativeTarget;
			buildConfigurationList = FCCD66BE2BCDF6E100535FB4 /* Build configuration list for PBXNativeTarget "Lab18_MementoUITests" */;
			buildPhases = (
				FCCD66AA2BCDF6E100535FB4 /* Sources */,
				FCCD66AB2BCDF6E100535FB4 /* Frameworks */,
				FCCD66AC2BCDF6E100535FB4 /* Resources */,
			);
			buildRules = (
			);
			dependencies = (
				FCCD66B02BCDF6E100535FB4 /* PBXTargetDependency */,
			);
			name = Lab18_MementoUITests;
			productName = Lab18_MementoUITests;
			productReference = FCCD66AE2BCDF6E100535FB4 /* Lab18_MementoUITests.xctest */;
			productType = "com.apple.product-type.bundle.ui-testing";
		};
/* End PBXNativeTarget section */

/* Begin PBXProject section */
		FCCD668B2BCDF6DF00535FB4 /* Project object */ = {
			isa = PBXProject;
			attributes = {
				BuildIndependentTargetsInParallel = 1;
				LastSwiftUpdateCheck = 1530;
				LastUpgradeCheck = 1530;
				TargetAttributes = {
					FCCD66922BCDF6DF00535FB4 = {
						CreatedOnToolsVersion = 15.3;
					};
					FCCD66A32BCDF6E100535FB4 = {
						CreatedOnToolsVersion = 15.3;
						TestTargetID = FCCD66922BCDF6DF00535FB4;
					};
					FCCD66AD2BCDF6E100535FB4 = {
						CreatedOnToolsVersion = 15.3;
						TestTargetID = FCCD66922BCDF6DF00535FB4;
					};
				};
			};
			buildConfigurationList = FCCD668E2BCDF6DF00535FB4 /* Build configuration list for PBXProject "Lab18_Memento" */;
			compatibilityVersion = "Xcode 14.0";
			developmentRegion = en;
			hasScannedForEncodings = 0;
			knownRegions = (
				en,
				Base,
			);
			mainGroup = FCCD668A2BCDF6DF00535FB4;
			productRefGroup = FCCD66942BCDF6DF00535FB4 /* Products */;
			projectDirPath = "";
			projectRoot = "";
			targets = (
				FCCD66922BCDF6DF00535FB4 /* Lab18_Memento */,
				FCCD66A32BCDF6E100535FB4 /* Lab18_MementoTests */,
				FCCD66AD2BCDF6E100535FB4 /* Lab18_MementoUITests */,
			);
		};
/* End PBXProject section */

/* Begin PBXResourcesBuildPhase section */
		FCCD66912BCDF6DF00535FB4 /* Resources */ = {
			isa = PBXResourcesBuildPhase;
			buildActionMask = 2147483647;
			files = (
				FCCD669E2BCDF6E000535FB4 /* Preview Assets.xcassets in Resources */,
				FCCD669B2BCDF6E000535FB4 /* Assets.xcassets in Resources */,
			);
			runOnlyForDeploymentPostprocessing = 0;
		};
		FCCD66A22BCDF6E100535FB4 /* Resources */ = {
			isa = PBXResourcesBuildPhase;
			buildActionMask = 2147483647;
			files = (
			);
			runOnlyForDeploymentPostprocessing = 0;
		};
		FCCD66AC2BCDF6E100535FB4 /* Resources */ = {
			isa = PBXResourcesBuildPhase;
			buildActionMask = 2147483647;
			files = (
			);
			runOnlyForDeploymentPostprocessing = 0;
		};
/* End PBXResourcesBuildPhase section */

/* Begin PBXSourcesBuildPhase section */
		FCCD668F2BCDF6DF00535FB4 /* Sources */ = {
			isa = PBXSourcesBuildPhase;
			buildActionMask = 2147483647;
			files = (
				FCCD66992BCDF6DF00535FB4 /* ContentView.swift in Sources */,
			);
			runOnlyForDeploymentPostprocessing = 0;
		};
		FCCD66A02BCDF6E100535FB4 /* Sources */ = {
			isa = PBXSourcesBuildPhase;
			buildActionMask = 2147483647;
			files = (
				FCCD66A92BCDF6E100535FB4 /* Lab18_MementoTests.swift in Sources */,
			);
			runOnlyForDeploymentPostprocessing = 0;
		};
		FCCD66AA2BCDF6E100535FB4 /* Sources */ = {
			isa = PBXSourcesBuildPhase;
			buildActionMask = 2147483647;
			files = (
				FCCD66B32BCDF6E100535FB4 /* Lab18_MementoUITests.swift in Sources */,
				FCCD66B52BCDF6E100535FB4 /* Lab18_MementoUITestsLaunchTests.swift in Sources */,
			);
			runOnlyForDeploymentPostprocessing = 0;
		};
/* End PBXSourcesBuildPhase section */

/* Begin PBXTargetDependency section */
		FCCD66A62BCDF6E100535FB4 /* PBXTargetDependency */ = {
			isa = PBXTargetDependency;
			target = FCCD66922BCDF6DF00535FB4 /* Lab18_Memento */;
			targetProxy = FCCD66A52BCDF6E100535FB4 /* PBXContainerItemProxy */;
		};
		FCCD66B02BCDF6E100535FB4 /* PBXTargetDependency */ = {
			isa = PBXTargetDependency;
			target = FCCD66922BCDF6DF00535FB4 /* Lab18_Memento */;
			targetProxy = FCCD66AF2BCDF6E100535FB4 /* PBXContainerItemProxy */;
		};
/* End PBXTargetDependency section */

/* Begin XCBuildConfiguration section */
		FCCD66B62BCDF6E100535FB4 /* Debug */ = {
			isa = XCBuildConfiguration;
			buildSettings = {
				ALWAYS_SEARCH_USER_PATHS = NO;
				ASSETCATALOG_COMPILER_GENERATE_SWIFT_ASSET_SYMBOL_EXTENSIONS = YES;
				CLANG_ANALYZER_NONNULL = YES;
				CLANG_ANALYZER_NUMBER_OBJECT_CONVERSION = YES_AGGRESSIVE;
				CLANG_CXX_LANGUAGE_STANDARD = "gnu++20";
				CLANG_ENABLE_MODULES = YES;
				CLANG_ENABLE_OBJC_ARC = YES;
				CLANG_ENABLE_OBJC_WEAK = YES;
				CLANG_WARN_BLOCK_CAPTURE_AUTORELEASING = YES;
				CLANG_WARN_BOOL_CONVERSION = YES;
				CLANG_WARN_COMMA = YES;
				CLANG_WARN_CONSTANT_CONVERSION = YES;
				CLANG_WARN_DEPRECATED_OBJC_IMPLEMENTATIONS = YES;
				CLANG_WARN_DIRECT_OBJC_ISA_USAGE = YES_ERROR;
				CLANG_WARN_DOCUMENTATION_COMMENTS = YES;
				CLANG_WARN_EMPTY_BODY = YES;
				CLANG_WARN_ENUM_CONVERSION = YES;
				CLANG_WARN_INFINITE_RECURSION = YES;
				CLANG_WARN_INT_CONVERSION = YES;
				CLANG_WARN_NON_LITERAL_NULL_CONVERSION = YES;
				CLANG_WARN_OBJC_IMPLICIT_RETAIN_SELF = YES;
				CLANG_WARN_OBJC_LITERAL_CONVERSION = YES;
				CLANG_WARN_OBJC_ROOT_CLASS = YES_ERROR;
				CLANG_WARN_QUOTED_INCLUDE_IN_FRAMEWORK_HEADER = YES;
				CLANG_WARN_RANGE_LOOP_ANALYSIS = YES;
				CLANG_WARN_STRICT_PROTOTYPES = YES;
				CLANG_WARN_SUSPICIOUS_MOVE = YES;
				CLANG_WARN_UNGUARDED_AVAILABILITY = YES_AGGRESSIVE;
				CLANG_WARN_UNREACHABLE_CODE = YES;
				CLANG_WARN__DUPLICATE_METHOD_MATCH = YES;
				COPY_PHASE_STRIP = NO;
				DEBUG_INFORMATION_FORMAT = dwarf;
				ENABLE_STRICT_OBJC_MSGSEND = YES;
				ENABLE_TESTABILITY = YES;
				ENABLE_USER_SCRIPT_SANDBOXING = YES;
				GCC_C_LANGUAGE_STANDARD = gnu17;
				GCC_DYNAMIC_NO_PIC = NO;
				GCC_NO_COMMON_BLOCKS = YES;
				GCC_OPTIMIZATION_LEVEL = 0;
				GCC_PREPROCESSOR_DEFINITIONS = (
					"DEBUG=1",
					"$(inherited)",
				);
				GCC_WARN_64_TO_32_BIT_CONVERSION = YES;
				GCC_WARN_ABOUT_RETURN_TYPE = YES_ERROR;
				GCC_WARN_UNDECLARED_SELECTOR = YES;
				GCC_WARN_UNINITIALIZED_AUTOS = YES_AGGRESSIVE;
				GCC_WARN_UNUSED_FUNCTION = YES;
				GCC_WARN_UNUSED_VARIABLE = YES;
				LOCALIZATION_PREFERS_STRING_CATALOGS = YES;
				MACOSX_DEPLOYMENT_TARGET = 14.4;
				MTL_ENABLE_DEBUG_INFO = INCLUDE_SOURCE;
				MTL_FAST_MATH = YES;
				ONLY_ACTIVE_ARCH = YES;
				SDKROOT = macosx;
				SWIFT_ACTIVE_COMPILATION_CONDITIONS = "DEBUG $(inherited)";
				SWIFT_OPTIMIZATION_LEVEL = "-Onone";
			};
			name = Debug;
		};
		FCCD66B72BCDF6E100535FB4 /* Release */ = {
			isa = XCBuildConfiguration;
			buildSettings = {
				ALWAYS_SEARCH_USER_PATHS = NO;
				ASSETCATALOG_COMPILER_GENERATE_SWIFT_ASSET_SYMBOL_EXTENSIONS = YES;
				CLANG_ANALYZER_NONNULL = YES;
				CLANG_ANALYZER_NUMBER_OBJECT_CONVERSION = YES_AGGRESSIVE;
				CLANG_CXX_LANGUAGE_STANDARD = "gnu++20";
				CLANG_ENABLE_MODULES = YES;
				CLANG_ENABLE_OBJC_ARC = YES;
				CLANG_ENABLE_OBJC_WEAK = YES;
				CLANG_WARN_BLOCK_CAPTURE_AUTORELEASING = YES;
				CLANG_WARN_BOOL_CONVERSION = YES;
				CLANG_WARN_COMMA = YES;
				CLANG_WARN_CONSTANT_CONVERSION = YES;
				CLANG_WARN_DEPRECATED_OBJC_IMPLEMENTATIONS = YES;
				CLANG_WARN_DIRECT_OBJC_ISA_USAGE = YES_ERROR;
				CLANG_WARN_DOCUMENTATION_COMMENTS = YES;
				CLANG_WARN_EMPTY_BODY = YES;
				CLANG_WARN_ENUM_CONVERSION = YES;
				CLANG_WARN_INFINITE_RECURSION = YES;
				CLANG_WARN_INT_CONVERSION = YES;
				CLANG_WARN_NON_LITERAL_NULL_CONVERSION = YES;
				CLANG_WARN_OBJC_IMPLICIT_RETAIN_SELF = YES;
				CLANG_WARN_OBJC_LITERAL_CONVERSION = YES;
				CLANG_WARN_OBJC_ROOT_CLASS = YES_ERROR;
				CLANG_WARN_QUOTED_INCLUDE_IN_FRAMEWORK_HEADER = YES;
				CLANG_WARN_RANGE_LOOP_ANALYSIS = YES;
				CLANG_WARN_STRICT_PROTOTYPES = YES;
				CLANG_WARN_SUSPICIOUS_MOVE = YES;
				CLANG_WARN_UNGUARDED_AVAILABILITY = YES_AGGRESSIVE;
				CLANG_WARN_UNREACHABLE_CODE = YES;
				CLANG_WARN__DUPLICATE_METHOD_MATCH = YES;
				COPY_PHASE_STRIP = NO;
				DEBUG_INFORMATION_FORMAT = "dwarf-with-dsym";
				ENABLE_NS_ASSERTIONS = NO;
				ENABLE_STRICT_OBJC_MSGSEND = YES;
				ENABLE_USER_SCRIPT_SANDBOXING = YES;
				GCC_C_LANGUAGE_STANDARD = gnu17;
				GCC_NO_COMMON_BLOCKS = YES;
				GCC_WARN_64_TO_32_BIT_CONVERSION = YES;
				GCC_WARN_ABOUT_RETURN_TYPE = YES_ERROR;
				GCC_WARN_UNDECLARED_SELECTOR = YES;
				GCC_WARN_UNINITIALIZED_AUTOS = YES_AGGRESSIVE;
				GCC_WARN_UNUSED_FUNCTION = YES;
				GCC_WARN_UNUSED_VARIABLE = YES;
				LOCALIZATION_PREFERS_STRING_CATALOGS = YES;
				MACOSX_DEPLOYMENT_TARGET = 14.4;
				MTL_ENABLE_DEBUG_INFO = NO;
				MTL_FAST_MATH = YES;
				SDKROOT = macosx;
				SWIFT_COMPILATION_MODE = wholemodule;
			};
			name = Release;
		};
		FCCD66B92BCDF6E100535FB4 /* Debug */ = {
			isa = XCBuildConfiguration;
			buildSettings = {
				ASSETCATALOG_COMPILER_APPICON_NAME = AppIcon;
				ASSETCATALOG_COMPILER_GLOBAL_ACCENT_COLOR_NAME = AccentColor;
				CODE_SIGN_ENTITLEMENTS = Lab18_Memento/Lab18_Memento.entitlements;
				CODE_SIGN_STYLE = Automatic;
				COMBINE_HIDPI_IMAGES = YES;
				CURRENT_PROJECT_VERSION = 1;
				DEVELOPMENT_ASSET_PATHS = "\"Lab18_Memento/Preview Content\"";
				ENABLE_PREVIEWS = YES;
				GENERATE_INFOPLIST_FILE = YES;
				INFOPLIST_KEY_NSHumanReadableCopyright = "";
				LD_RUNPATH_SEARCH_PATHS = (
					"$(inherited)",
					"@executable_path/../Frameworks",
				);
				MARKETING_VERSION = 1.0;
				PRODUCT_BUNDLE_IDENTIFIER = "dwyerisgod.Lab18-Memento";
				PRODUCT_NAME = "$(TARGET_NAME)";
				SWIFT_EMIT_LOC_STRINGS = YES;
				SWIFT_VERSION = 5.0;
			};
			name = Debug;
		};
		FCCD66BA2BCDF6E100535FB4 /* Release */ = {
			isa = XCBuildConfiguration;
			buildSettings = {
				ASSETCATALOG_COMPILER_APPICON_NAME = AppIcon;
				ASSETCATALOG_COMPILER_GLOBAL_ACCENT_COLOR_NAME = AccentColor;
				CODE_SIGN_ENTITLEMENTS = Lab18_Memento/Lab18_Memento.entitlements;
				CODE_SIGN_STYLE = Automatic;
				COMBINE_HIDPI_IMAGES = YES;
				CURRENT_PROJECT_VERSION = 1;
				DEVELOPMENT_ASSET_PATHS = "\"Lab18_Memento/Preview Content\"";
				ENABLE_PREVIEWS = YES;
				GENERATE_INFOPLIST_FILE = YES;
				INFOPLIST_KEY_NSHumanReadableCopyright = "";
				LD_RUNPATH_SEARCH_PATHS = (
					"$(inherited)",
					"@executable_path/../Frameworks",
				);
				MARKETING_VERSION = 1.0;
				PRODUCT_BUNDLE_IDENTIFIER = "dwyerisgod.Lab18-Memento";
				PRODUCT_NAME = "$(TARGET_NAME)";
				SWIFT_EMIT_LOC_STRINGS = YES;
				SWIFT_VERSION = 5.0;
			};
			name = Release;
		};
		FCCD66BC2BCDF6E100535FB4 /* Debug */ = {
			isa = XCBuildConfiguration;
			buildSettings = {
				ALWAYS_EMBED_SWIFT_STANDARD_LIBRARIES = YES;
				BUNDLE_LOADER = "$(TEST_HOST)";
				CODE_SIGN_STYLE = Automatic;
				CURRENT_PROJECT_VERSION = 1;
				GENERATE_INFOPLIST_FILE = YES;
				MACOSX_DEPLOYMENT_TARGET = 14.4;
				MARKETING_VERSION = 1.0;
				PRODUCT_BUNDLE_IDENTIFIER = "dwyerisgod.Lab18-MementoTests";
				PRODUCT_NAME = "$(TARGET_NAME)";
				SWIFT_EMIT_LOC_STRINGS = NO;
				SWIFT_VERSION = 5.0;
				TEST_HOST = "$(BUILT_PRODUCTS_DIR)/Lab18_Memento.app/$(BUNDLE_EXECUTABLE_FOLDER_PATH)/Lab18_Memento";
			};
			name = Debug;
		};
		FCCD66BD2BCDF6E100535FB4 /* Release */ = {
			isa = XCBuildConfiguration;
			buildSettings = {
				ALWAYS_EMBED_SWIFT_STANDARD_LIBRARIES = YES;
				BUNDLE_LOADER = "$(TEST_HOST)";
				CODE_SIGN_STYLE = Automatic;
				CURRENT_PROJECT_VERSION = 1;
				GENERATE_INFOPLIST_FILE = YES;
				MACOSX_DEPLOYMENT_TARGET = 14.4;
				MARKETING_VERSION = 1.0;
				PRODUCT_BUNDLE_IDENTIFIER = "dwyerisgod.Lab18-MementoTests";
				PRODUCT_NAME = "$(TARGET_NAME)";
				SWIFT_EMIT_LOC_STRINGS = NO;
				SWIFT_VERSION = 5.0;
				TEST_HOST = "$(BUILT_PRODUCTS_DIR)/Lab18_Memento.app/$(BUNDLE_EXECUTABLE_FOLDER_PATH)/Lab18_Memento";
			};
			name = Release;
		};
		FCCD66BF2BCDF6E100535FB4 /* Debug */ = {
			isa = XCBuildConfiguration;
			buildSettings = {
				ALWAYS_EMBED_SWIFT_STANDARD_LIBRARIES = YES;
				CODE_SIGN_STYLE = Automatic;
				CURRENT_PROJECT_VERSION = 1;
				GENERATE_INFOPLIST_FILE = YES;
				MARKETING_VERSION = 1.0;
				PRODUCT_BUNDLE_IDENTIFIER = "dwyerisgod.Lab18-MementoUITests";
				PRODUCT_NAME = "$(TARGET_NAME)";
				SWIFT_EMIT_LOC_STRINGS = NO;
				SWIFT_VERSION = 5.0;
				TEST_TARGET_NAME = Lab18_Memento;
			};
			name = Debug;
		};
		FCCD66C02BCDF6E100535FB4 /* Release */ = {
			isa = XCBuildConfiguration;
			buildSettings = {
				ALWAYS_EMBED_SWIFT_STANDARD_LIBRARIES = YES;
				CODE_SIGN_STYLE = Automatic;
				CURRENT_PROJECT_VERSION = 1;
				GENERATE_INFOPLIST_FILE = YES;
				MARKETING_VERSION = 1.0;
				PRODUCT_BUNDLE_IDENTIFIER = "dwyerisgod.Lab18-MementoUITests";
				PRODUCT_NAME = "$(TARGET_NAME)";
				SWIFT_EMIT_LOC_STRINGS = NO;
				SWIFT_VERSION = 5.0;
				TEST_TARGET_NAME = Lab18_Memento;
			};
			name = Release;
		};
/* End XCBuildConfiguration section */

/* Begin XCConfigurationList section */
		FCCD668E2BCDF6DF00535FB4 /* Build configuration list for PBXProject "Lab18_Memento" */ = {
			isa = XCConfigurationList;
			buildConfigurations = (
				FCCD66B62BCDF6E100535FB4 /* Debug */,
				FCCD66B72BCDF6E100535FB4 /* Release */,
			);
			defaultConfigurationIsVisible = 0;
			defaultConfigurationName = Release;
		};
		FCCD66B82BCDF6E100535FB4 /* Build configuration list for PBXNativeTarget "Lab18_Memento" */ = {
			isa = XCConfigurationList;
			buildConfigurations = (
				FCCD66B92BCDF6E100535FB4 /* Debug */,
				FCCD66BA2BCDF6E100535FB4 /* Release */,
			);
			defaultConfigurationIsVisible = 0;
			defaultConfigurationName = Release;
		};
		FCCD66BB2BCDF6E100535FB4 /* Build configuration list for PBXNativeTarget "Lab18_MementoTests" */ = {
			isa = XCConfigurationList;
			buildConfigurations = (
				FCCD66BC2BCDF6E100535FB4 /* Debug */,
				FCCD66BD2BCDF6E100535FB4 /* Release */,
			);
			defaultConfigurationIsVisible = 0;
			defaultConfigurationName = Release;
		};
		FCCD66BE2BCDF6E100535FB4 /* Build configuration list for PBXNativeTarget "Lab18_MementoUITests" */ = {
			isa = XCConfigurationList;
			buildConfigurations = (
				FCCD66BF2BCDF6E100535FB4 /* Debug */,
				FCCD66C02BCDF6E100535FB4 /* Release */,
			);
			defaultConfigurationIsVisible = 0;
			defaultConfigurationName = Release;
		};
/* End XCConfigurationList section */
	};
	rootObject = FCCD668B2BCDF6DF00535FB4 /* Project object */;
}
