// !$*UTF8*$!
{
	archiveVersion = 1;
	classes = {
	};
	objectVersion = 56;
	objects = {

/* Begin PBXBuildFile section */
		FCCD65F42BCDF1D800535FB4 /* ContentView.swift in Sources */ = {isa = PBXBuildFile; fileRef = FCCD65F32BCDF1D800535FB4 /* ContentView.swift */; };
		FCCD65F62BCDF1DA00535FB4 /* Assets.xcassets in Resources */ = {isa = PBXBuildFile; fileRef = FCCD65F52BCDF1DA00535FB4 /* Assets.xcassets */; };
		FCCD65F92BCDF1DA00535FB4 /* Preview Assets.xcassets in Resources */ = {isa = PBXBuildFile; fileRef = FCCD65F82BCDF1DA00535FB4 /* Preview Assets.xcassets */; };
		FCCD66042BCDF1DA00535FB4 /* Lab15_MultithreadingTests.swift in Sources */ = {isa = PBXBuildFile; fileRef = FCCD66032BCDF1DA00535FB4 /* Lab15_MultithreadingTests.swift */; };
		FCCD660E2BCDF1DA00535FB4 /* Lab15_MultithreadingUITests.swift in Sources */ = {isa = PBXBuildFile; fileRef = FCCD660D2BCDF1DA00535FB4 /* Lab15_MultithreadingUITests.swift */; };
		FCCD66102BCDF1DA00535FB4 /* Lab15_MultithreadingUITestsLaunchTests.swift in Sources */ = {isa = PBXBuildFile; fileRef = FCCD660F2BCDF1DA00535FB4 /* Lab15_MultithreadingUITestsLaunchTests.swift */; };
/* End PBXBuildFile section */

/* Begin PBXContainerItemProxy section */
		FCCD66002BCDF1DA00535FB4 /* PBXContainerItemProxy */ = {
			isa = PBXContainerItemProxy;
			containerPortal = FCCD65E62BCDF1D800535FB4 /* Project object */;
			proxyType = 1;
			remoteGlobalIDString = FCCD65ED2BCDF1D800535FB4;
			remoteInfo = Lab15_Multithreading;
		};
		FCCD660A2BCDF1DA00535FB4 /* PBXContainerItemProxy */ = {
			isa = PBXContainerItemProxy;
			containerPortal = FCCD65E62BCDF1D800535FB4 /* Project object */;
			proxyType = 1;
			remoteGlobalIDString = FCCD65ED2BCDF1D800535FB4;
			remoteInfo = Lab15_Multithreading;
		};
/* End PBXContainerItemProxy section */

/* Begin PBXFileReference section */
		FCCD65EE2BCDF1D800535FB4 /* Lab15_Multithreading.app */ = {isa = PBXFileReference; explicitFileType = wrapper.application; includeInIndex = 0; path = Lab15_Multithreading.app; sourceTree = BUILT_PRODUCTS_DIR; };
		FCCD65F32BCDF1D800535FB4 /* ContentView.swift */ = {isa = PBXFileReference; lastKnownFileType = sourcecode.swift; path = ContentView.swift; sourceTree = "<group>"; };
		FCCD65F52BCDF1DA00535FB4 /* Assets.xcassets */ = {isa = PBXFileReference; lastKnownFileType = folder.assetcatalog; path = Assets.xcassets; sourceTree = "<group>"; };
		FCCD65F82BCDF1DA00535FB4 /* Preview Assets.xcassets */ = {isa = PBXFileReference; lastKnownFileType = folder.assetcatalog; path = "Preview Assets.xcassets"; sourceTree = "<group>"; };
		FCCD65FA2BCDF1DA00535FB4 /* Lab15_Multithreading.entitlements */ = {isa = PBXFileReference; lastKnownFileType = text.plist.entitlements; path = Lab15_Multithreading.entitlements; sourceTree = "<group>"; };
		FCCD65FF2BCDF1DA00535FB4 /* Lab15_MultithreadingTests.xctest */ = {isa = PBXFileReference; explicitFileType = wrapper.cfbundle; includeInIndex = 0; path = Lab15_MultithreadingTests.xctest; sourceTree = BUILT_PRODUCTS_DIR; };
		FCCD66032BCDF1DA00535FB4 /* Lab15_MultithreadingTests.swift */ = {isa = PBXFileReference; lastKnownFileType = sourcecode.swift; path = Lab15_MultithreadingTests.swift; sourceTree = "<group>"; };
		FCCD66092BCDF1DA00535FB4 /* Lab15_MultithreadingUITests.xctest */ = {isa = PBXFileReference; explicitFileType = wrapper.cfbundle; includeInIndex = 0; path = Lab15_MultithreadingUITests.xctest; sourceTree = BUILT_PRODUCTS_DIR; };
		FCCD660D2BCDF1DA00535FB4 /* Lab15_MultithreadingUITests.swift */ = {isa = PBXFileReference; lastKnownFileType = sourcecode.swift; path = Lab15_MultithreadingUITests.swift; sourceTree = "<group>"; };
		FCCD660F2BCDF1DA00535FB4 /* Lab15_MultithreadingUITestsLaunchTests.swift */ = {isa = PBXFileReference; lastKnownFileType = sourcecode.swift; path = Lab15_MultithreadingUITestsLaunchTests.swift; sourceTree = "<group>"; };
/* End PBXFileReference section */

/* Begin PBXFrameworksBuildPhase section */
		FCCD65EB2BCDF1D800535FB4 /* Frameworks */ = {
			isa = PBXFrameworksBuildPhase;
			buildActionMask = 2147483647;
			files = (
			);
			runOnlyForDeploymentPostprocessing = 0;
		};
		FCCD65FC2BCDF1DA00535FB4 /* Frameworks */ = {
			isa = PBXFrameworksBuildPhase;
			buildActionMask = 2147483647;
			files = (
			);
			runOnlyForDeploymentPostprocessing = 0;
		};
		FCCD66062BCDF1DA00535FB4 /* Frameworks */ = {
			isa = PBXFrameworksBuildPhase;
			buildActionMask = 2147483647;
			files = (
			);
			runOnlyForDeploymentPostprocessing = 0;
		};
/* End PBXFrameworksBuildPhase section */

/* Begin PBXGroup section */
		FCCD65E52BCDF1D800535FB4 = {
			isa = PBXGroup;
			children = (
				FCCD65F02BCDF1D800535FB4 /* Lab15_Multithreading */,
				FCCD66022BCDF1DA00535FB4 /* Lab15_MultithreadingTests */,
				FCCD660C2BCDF1DA00535FB4 /* Lab15_MultithreadingUITests */,
				FCCD65EF2BCDF1D800535FB4 /* Products */,
			);
			sourceTree = "<group>";
		};
		FCCD65EF2BCDF1D800535FB4 /* Products */ = {
			isa = PBXGroup;
			children = (
				FCCD65EE2BCDF1D800535FB4 /* Lab15_Multithreading.app */,
				FCCD65FF2BCDF1DA00535FB4 /* Lab15_MultithreadingTests.xctest */,
				FCCD66092BCDF1DA00535FB4 /* Lab15_MultithreadingUITests.xctest */,
			);
			name = Products;
			sourceTree = "<group>";
		};
		FCCD65F02BCDF1D800535FB4 /* Lab15_Multithreading */ = {
			isa = PBXGroup;
			children = (
				FCCD65F32BCDF1D800535FB4 /* ContentView.swift */,
				FCCD65F52BCDF1DA00535FB4 /* Assets.xcassets */,
				FCCD65FA2BCDF1DA00535FB4 /* Lab15_Multithreading.entitlements */,
				FCCD65F72BCDF1DA00535FB4 /* Preview Content */,
			);
			path = Lab15_Multithreading;
			sourceTree = "<group>";
		};
		FCCD65F72BCDF1DA00535FB4 /* Preview Content */ = {
			isa = PBXGroup;
			children = (
				FCCD65F82BCDF1DA00535FB4 /* Preview Assets.xcassets */,
			);
			path = "Preview Content";
			sourceTree = "<group>";
		};
		FCCD66022BCDF1DA00535FB4 /* Lab15_MultithreadingTests */ = {
			isa = PBXGroup;
			children = (
				FCCD66032BCDF1DA00535FB4 /* Lab15_MultithreadingTests.swift */,
			);
			path = Lab15_MultithreadingTests;
			sourceTree = "<group>";
		};
		FCCD660C2BCDF1DA00535FB4 /* Lab15_MultithreadingUITests */ = {
			isa = PBXGroup;
			children = (
				FCCD660D2BCDF1DA00535FB4 /* Lab15_MultithreadingUITests.swift */,
				FCCD660F2BCDF1DA00535FB4 /* Lab15_MultithreadingUITestsLaunchTests.swift */,
			);
			path = Lab15_MultithreadingUITests;
			sourceTree = "<group>";
		};
/* End PBXGroup section */

/* Begin PBXNativeTarget section */
		FCCD65ED2BCDF1D800535FB4 /* Lab15_Multithreading */ = {
			isa = PBXNativeTarget;
			buildConfigurationList = FCCD66132BCDF1DA00535FB4 /* Build configuration list for PBXNativeTarget "Lab15_Multithreading" */;
			buildPhases = (
				FCCD65EA2BCDF1D800535FB4 /* Sources */,
				FCCD65EB2BCDF1D800535FB4 /* Frameworks */,
				FCCD65EC2BCDF1D800535FB4 /* Resources */,
			);
			buildRules = (
			);
			dependencies = (
			);
			name = Lab15_Multithreading;
			productName = Lab15_Multithreading;
			productReference = FCCD65EE2BCDF1D800535FB4 /* Lab15_Multithreading.app */;
			productType = "com.apple.product-type.application";
		};
		FCCD65FE2BCDF1DA00535FB4 /* Lab15_MultithreadingTests */ = {
			isa = PBXNativeTarget;
			buildConfigurationList = FCCD66162BCDF1DA00535FB4 /* Build configuration list for PBXNativeTarget "Lab15_MultithreadingTests" */;
			buildPhases = (
				FCCD65FB2BCDF1DA00535FB4 /* Sources */,
				FCCD65FC2BCDF1DA00535FB4 /* Frameworks */,
				FCCD65FD2BCDF1DA00535FB4 /* Resources */,
			);
			buildRules = (
			);
			dependencies = (
				FCCD66012BCDF1DA00535FB4 /* PBXTargetDependency */,
			);
			name = Lab15_MultithreadingTests;
			productName = Lab15_MultithreadingTests;
			productReference = FCCD65FF2BCDF1DA00535FB4 /* Lab15_MultithreadingTests.xctest */;
			productType = "com.apple.product-type.bundle.unit-test";
		};
		FCCD66082BCDF1DA00535FB4 /* Lab15_MultithreadingUITests */ = {
			isa = PBXNativeTarget;
			buildConfigurationList = FCCD66192BCDF1DA00535FB4 /* Build configuration list for PBXNativeTarget "Lab15_MultithreadingUITests" */;
			buildPhases = (
				FCCD66052BCDF1DA00535FB4 /* Sources */,
				FCCD66062BCDF1DA00535FB4 /* Frameworks */,
				FCCD66072BCDF1DA00535FB4 /* Resources */,
			);
			buildRules = (
			);
			dependencies = (
				FCCD660B2BCDF1DA00535FB4 /* PBXTargetDependency */,
			);
			name = Lab15_MultithreadingUITests;
			productName = Lab15_MultithreadingUITests;
			productReference = FCCD66092BCDF1DA00535FB4 /* Lab15_MultithreadingUITests.xctest */;
			productType = "com.apple.product-type.bundle.ui-testing";
		};
/* End PBXNativeTarget section */

/* Begin PBXProject section */
		FCCD65E62BCDF1D800535FB4 /* Project object */ = {
			isa = PBXProject;
			attributes = {
				BuildIndependentTargetsInParallel = 1;
				LastSwiftUpdateCheck = 1530;
				LastUpgradeCheck = 1530;
				TargetAttributes = {
					FCCD65ED2BCDF1D800535FB4 = {
						CreatedOnToolsVersion = 15.3;
					};
					FCCD65FE2BCDF1DA00535FB4 = {
						CreatedOnToolsVersion = 15.3;
						TestTargetID = FCCD65ED2BCDF1D800535FB4;
					};
					FCCD66082BCDF1DA00535FB4 = {
						CreatedOnToolsVersion = 15.3;
						TestTargetID = FCCD65ED2BCDF1D800535FB4;
					};
				};
			};
			buildConfigurationList = FCCD65E92BCDF1D800535FB4 /* Build configuration list for PBXProject "Lab15_Multithreading" */;
			compatibilityVersion = "Xcode 14.0";
			developmentRegion = en;
			hasScannedForEncodings = 0;
			knownRegions = (
				en,
				Base,
			);
			mainGroup = FCCD65E52BCDF1D800535FB4;
			productRefGroup = FCCD65EF2BCDF1D800535FB4 /* Products */;
			projectDirPath = "";
			projectRoot = "";
			targets = (
				FCCD65ED2BCDF1D800535FB4 /* Lab15_Multithreading */,
				FCCD65FE2BCDF1DA00535FB4 /* Lab15_MultithreadingTests */,
				FCCD66082BCDF1DA00535FB4 /* Lab15_MultithreadingUITests */,
			);
		};
/* End PBXProject section */

/* Begin PBXResourcesBuildPhase section */
		FCCD65EC2BCDF1D800535FB4 /* Resources */ = {
			isa = PBXResourcesBuildPhase;
			buildActionMask = 2147483647;
			files = (
				FCCD65F92BCDF1DA00535FB4 /* Preview Assets.xcassets in Resources */,
				FCCD65F62BCDF1DA00535FB4 /* Assets.xcassets in Resources */,
			);
			runOnlyForDeploymentPostprocessing = 0;
		};
		FCCD65FD2BCDF1DA00535FB4 /* Resources */ = {
			isa = PBXResourcesBuildPhase;
			buildActionMask = 2147483647;
			files = (
			);
			runOnlyForDeploymentPostprocessing = 0;
		};
		FCCD66072BCDF1DA00535FB4 /* Resources */ = {
			isa = PBXResourcesBuildPhase;
			buildActionMask = 2147483647;
			files = (
			);
			runOnlyForDeploymentPostprocessing = 0;
		};
/* End PBXResourcesBuildPhase section */

/* Begin PBXSourcesBuildPhase section */
		FCCD65EA2BCDF1D800535FB4 /* Sources */ = {
			isa = PBXSourcesBuildPhase;
			buildActionMask = 2147483647;
			files = (
				FCCD65F42BCDF1D800535FB4 /* ContentView.swift in Sources */,
			);
			runOnlyForDeploymentPostprocessing = 0;
		};
		FCCD65FB2BCDF1DA00535FB4 /* Sources */ = {
			isa = PBXSourcesBuildPhase;
			buildActionMask = 2147483647;
			files = (
				FCCD66042BCDF1DA00535FB4 /* Lab15_MultithreadingTests.swift in Sources */,
			);
			runOnlyForDeploymentPostprocessing = 0;
		};
		FCCD66052BCDF1DA00535FB4 /* Sources */ = {
			isa = PBXSourcesBuildPhase;
			buildActionMask = 2147483647;
			files = (
				FCCD660E2BCDF1DA00535FB4 /* Lab15_MultithreadingUITests.swift in Sources */,
				FCCD66102BCDF1DA00535FB4 /* Lab15_MultithreadingUITestsLaunchTests.swift in Sources */,
			);
			runOnlyForDeploymentPostprocessing = 0;
		};
/* End PBXSourcesBuildPhase section */

/* Begin PBXTargetDependency section */
		FCCD66012BCDF1DA00535FB4 /* PBXTargetDependency */ = {
			isa = PBXTargetDependency;
			target = FCCD65ED2BCDF1D800535FB4 /* Lab15_Multithreading */;
			targetProxy = FCCD66002BCDF1DA00535FB4 /* PBXContainerItemProxy */;
		};
		FCCD660B2BCDF1DA00535FB4 /* PBXTargetDependency */ = {
			isa = PBXTargetDependency;
			target = FCCD65ED2BCDF1D800535FB4 /* Lab15_Multithreading */;
			targetProxy = FCCD660A2BCDF1DA00535FB4 /* PBXContainerItemProxy */;
		};
/* End PBXTargetDependency section */

/* Begin XCBuildConfiguration section */
		FCCD66112BCDF1DA00535FB4 /* Debug */ = {
			isa = XCBuildConfiguration;
			buildSettings = {
				ALWAYS_SEARCH_USER_PATHS = NO;
				ASSETCATALOG_COMPILER_GENERATE_SWIFT_ASSET_SYMBOL_EXTENSIONS = YES;
				CLANG_ANALYZER_NONNULL = YES;
				CLANG_ANALYZER_NUMBER_OBJECT_CONVERSION = YES_AGGRESSIVE;
				CLANG_CXX_LANGUAGE_STANDARD = "gnu++20";
				CLANG_ENABLE_MODULES = YES;
				CLANG_ENABLE_OBJC_ARC = YES;
				CLANG_ENABLE_OBJC_WEAK = YES;
				CLANG_WARN_BLOCK_CAPTURE_AUTORELEASING = YES;
				CLANG_WARN_BOOL_CONVERSION = YES;
				CLANG_WARN_COMMA = YES;
				CLANG_WARN_CONSTANT_CONVERSION = YES;
				CLANG_WARN_DEPRECATED_OBJC_IMPLEMENTATIONS = YES;
				CLANG_WARN_DIRECT_OBJC_ISA_USAGE = YES_ERROR;
				CLANG_WARN_DOCUMENTATION_COMMENTS = YES;
				CLANG_WARN_EMPTY_BODY = YES;
				CLANG_WARN_ENUM_CONVERSION = YES;
				CLANG_WARN_INFINITE_RECURSION = YES;
				CLANG_WARN_INT_CONVERSION = YES;
				CLANG_WARN_NON_LITERAL_NULL_CONVERSION = YES;
				CLANG_WARN_OBJC_IMPLICIT_RETAIN_SELF = YES;
				CLANG_WARN_OBJC_LITERAL_CONVERSION = YES;
				CLANG_WARN_OBJC_ROOT_CLASS = YES_ERROR;
				CLANG_WARN_QUOTED_INCLUDE_IN_FRAMEWORK_HEADER = YES;
				CLANG_WARN_RANGE_LOOP_ANALYSIS = YES;
				CLANG_WARN_STRICT_PROTOTYPES = YES;
				CLANG_WARN_SUSPICIOUS_MOVE = YES;
				CLANG_WARN_UNGUARDED_AVAILABILITY = YES_AGGRESSIVE;
				CLANG_WARN_UNREACHABLE_CODE = YES;
				CLANG_WARN__DUPLICATE_METHOD_MATCH = YES;
				COPY_PHASE_STRIP = NO;
				DEBUG_INFORMATION_FORMAT = dwarf;
				ENABLE_STRICT_OBJC_MSGSEND = YES;
				ENABLE_TESTABILITY = YES;
				ENABLE_USER_SCRIPT_SANDBOXING = YES;
				GCC_C_LANGUAGE_STANDARD = gnu17;
				GCC_DYNAMIC_NO_PIC = NO;
				GCC_NO_COMMON_BLOCKS = YES;
				GCC_OPTIMIZATION_LEVEL = 0;
				GCC_PREPROCESSOR_DEFINITIONS = (
					"DEBUG=1",
					"$(inherited)",
				);
				GCC_WARN_64_TO_32_BIT_CONVERSION = YES;
				GCC_WARN_ABOUT_RETURN_TYPE = YES_ERROR;
				GCC_WARN_UNDECLARED_SELECTOR = YES;
				GCC_WARN_UNINITIALIZED_AUTOS = YES_AGGRESSIVE;
				GCC_WARN_UNUSED_FUNCTION = YES;
				GCC_WARN_UNUSED_VARIABLE = YES;
				LOCALIZATION_PREFERS_STRING_CATALOGS = YES;
				MACOSX_DEPLOYMENT_TARGET = 14.4;
				MTL_ENABLE_DEBUG_INFO = INCLUDE_SOURCE;
				MTL_FAST_MATH = YES;
				ONLY_ACTIVE_ARCH = YES;
				SDKROOT = macosx;
				SWIFT_ACTIVE_COMPILATION_CONDITIONS = "DEBUG $(inherited)";
				SWIFT_OPTIMIZATION_LEVEL = "-Onone";
			};
			name = Debug;
		};
		FCCD66122BCDF1DA00535FB4 /* Release */ = {
			isa = XCBuildConfiguration;
			buildSettings = {
				ALWAYS_SEARCH_USER_PATHS = NO;
				ASSETCATALOG_COMPILER_GENERATE_SWIFT_ASSET_SYMBOL_EXTENSIONS = YES;
				CLANG_ANALYZER_NONNULL = YES;
				CLANG_ANALYZER_NUMBER_OBJECT_CONVERSION = YES_AGGRESSIVE;
				CLANG_CXX_LANGUAGE_STANDARD = "gnu++20";
				CLANG_ENABLE_MODULES = YES;
				CLANG_ENABLE_OBJC_ARC = YES;
				CLANG_ENABLE_OBJC_WEAK = YES;
				CLANG_WARN_BLOCK_CAPTURE_AUTORELEASING = YES;
				CLANG_WARN_BOOL_CONVERSION = YES;
				CLANG_WARN_COMMA = YES;
				CLANG_WARN_CONSTANT_CONVERSION = YES;
				CLANG_WARN_DEPRECATED_OBJC_IMPLEMENTATIONS = YES;
				CLANG_WARN_DIRECT_OBJC_ISA_USAGE = YES_ERROR;
				CLANG_WARN_DOCUMENTATION_COMMENTS = YES;
				CLANG_WARN_EMPTY_BODY = YES;
				CLANG_WARN_ENUM_CONVERSION = YES;
				CLANG_WARN_INFINITE_RECURSION = YES;
				CLANG_WARN_INT_CONVERSION = YES;
				CLANG_WARN_NON_LITERAL_NULL_CONVERSION = YES;
				CLANG_WARN_OBJC_IMPLICIT_RETAIN_SELF = YES;
				CLANG_WARN_OBJC_LITERAL_CONVERSION = YES;
				CLANG_WARN_OBJC_ROOT_CLASS = YES_ERROR;
				CLANG_WARN_QUOTED_INCLUDE_IN_FRAMEWORK_HEADER = YES;
				CLANG_WARN_RANGE_LOOP_ANALYSIS = YES;
				CLANG_WARN_STRICT_PROTOTYPES = YES;
				CLANG_WARN_SUSPICIOUS_MOVE = YES;
				CLANG_WARN_UNGUARDED_AVAILABILITY = YES_AGGRESSIVE;
				CLANG_WARN_UNREACHABLE_CODE = YES;
				CLANG_WARN__DUPLICATE_METHOD_MATCH = YES;
				COPY_PHASE_STRIP = NO;
				DEBUG_INFORMATION_FORMAT = "dwarf-with-dsym";
				ENABLE_NS_ASSERTIONS = NO;
				ENABLE_STRICT_OBJC_MSGSEND = YES;
				ENABLE_USER_SCRIPT_SANDBOXING = YES;
				GCC_C_LANGUAGE_STANDARD = gnu17;
				GCC_NO_COMMON_BLOCKS = YES;
				GCC_WARN_64_TO_32_BIT_CONVERSION = YES;
				GCC_WARN_ABOUT_RETURN_TYPE = YES_ERROR;
				GCC_WARN_UNDECLARED_SELECTOR = YES;
				GCC_WARN_UNINITIALIZED_AUTOS = YES_AGGRESSIVE;
				GCC_WARN_UNUSED_FUNCTION = YES;
				GCC_WARN_UNUSED_VARIABLE = YES;
				LOCALIZATION_PREFERS_STRING_CATALOGS = YES;
				MACOSX_DEPLOYMENT_TARGET = 14.4;
				MTL_ENABLE_DEBUG_INFO = NO;
				MTL_FAST_MATH = YES;
				SDKROOT = macosx;
				SWIFT_COMPILATION_MODE = wholemodule;
			};
			name = Release;
		};
		FCCD66142BCDF1DA00535FB4 /* Debug */ = {
			isa = XCBuildConfiguration;
			buildSettings = {
				ASSETCATALOG_COMPILER_APPICON_NAME = AppIcon;
				ASSETCATALOG_COMPILER_GLOBAL_ACCENT_COLOR_NAME = AccentColor;
				CODE_SIGN_ENTITLEMENTS = Lab15_Multithreading/Lab15_Multithreading.entitlements;
				CODE_SIGN_STYLE = Automatic;
				COMBINE_HIDPI_IMAGES = YES;
				CURRENT_PROJECT_VERSION = 1;
				DEVELOPMENT_ASSET_PATHS = "\"Lab15_Multithreading/Preview Content\"";
				ENABLE_PREVIEWS = YES;
				GENERATE_INFOPLIST_FILE = YES;
				INFOPLIST_KEY_NSHumanReadableCopyright = "";
				LD_RUNPATH_SEARCH_PATHS = (
					"$(inherited)",
					"@executable_path/../Frameworks",
				);
				MARKETING_VERSION = 1.0;
				PRODUCT_BUNDLE_IDENTIFIER = "dwyerisgod.Lab15-Multithreading";
				PRODUCT_NAME = "$(TARGET_NAME)";
				SWIFT_EMIT_LOC_STRINGS = YES;
				SWIFT_VERSION = 5.0;
			};
			name = Debug;
		};
		FCCD66152BCDF1DA00535FB4 /* Release */ = {
			isa = XCBuildConfiguration;
			buildSettings = {
				ASSETCATALOG_COMPILER_APPICON_NAME = AppIcon;
				ASSETCATALOG_COMPILER_GLOBAL_ACCENT_COLOR_NAME = AccentColor;
				CODE_SIGN_ENTITLEMENTS = Lab15_Multithreading/Lab15_Multithreading.entitlements;
				CODE_SIGN_STYLE = Automatic;
				COMBINE_HIDPI_IMAGES = YES;
				CURRENT_PROJECT_VERSION = 1;
				DEVELOPMENT_ASSET_PATHS = "\"Lab15_Multithreading/Preview Content\"";
				ENABLE_PREVIEWS = YES;
				GENERATE_INFOPLIST_FILE = YES;
				INFOPLIST_KEY_NSHumanReadableCopyright = "";
				LD_RUNPATH_SEARCH_PATHS = (
					"$(inherited)",
					"@executable_path/../Frameworks",
				);
				MARKETING_VERSION = 1.0;
				PRODUCT_BUNDLE_IDENTIFIER = "dwyerisgod.Lab15-Multithreading";
				PRODUCT_NAME = "$(TARGET_NAME)";
				SWIFT_EMIT_LOC_STRINGS = YES;
				SWIFT_VERSION = 5.0;
			};
			name = Release;
		};
		FCCD66172BCDF1DA00535FB4 /* Debug */ = {
			isa = XCBuildConfiguration;
			buildSettings = {
				ALWAYS_EMBED_SWIFT_STANDARD_LIBRARIES = YES;
				BUNDLE_LOADER = "$(TEST_HOST)";
				CODE_SIGN_STYLE = Automatic;
				CURRENT_PROJECT_VERSION = 1;
				GENERATE_INFOPLIST_FILE = YES;
				MACOSX_DEPLOYMENT_TARGET = 14.4;
				MARKETING_VERSION = 1.0;
				PRODUCT_BUNDLE_IDENTIFIER = "dwyerisgod.Lab15-MultithreadingTests";
				PRODUCT_NAME = "$(TARGET_NAME)";
				SWIFT_EMIT_LOC_STRINGS = NO;
				SWIFT_VERSION = 5.0;
				TEST_HOST = "$(BUILT_PRODUCTS_DIR)/Lab15_Multithreading.app/$(BUNDLE_EXECUTABLE_FOLDER_PATH)/Lab15_Multithreading";
			};
			name = Debug;
		};
		FCCD66182BCDF1DA00535FB4 /* Release */ = {
			isa = XCBuildConfiguration;
			buildSettings = {
				ALWAYS_EMBED_SWIFT_STANDARD_LIBRARIES = YES;
				BUNDLE_LOADER = "$(TEST_HOST)";
				CODE_SIGN_STYLE = Automatic;
				CURRENT_PROJECT_VERSION = 1;
				GENERATE_INFOPLIST_FILE = YES;
				MACOSX_DEPLOYMENT_TARGET = 14.4;
				MARKETING_VERSION = 1.0;
				PRODUCT_BUNDLE_IDENTIFIER = "dwyerisgod.Lab15-MultithreadingTests";
				PRODUCT_NAME = "$(TARGET_NAME)";
				SWIFT_EMIT_LOC_STRINGS = NO;
				SWIFT_VERSION = 5.0;
				TEST_HOST = "$(BUILT_PRODUCTS_DIR)/Lab15_Multithreading.app/$(BUNDLE_EXECUTABLE_FOLDER_PATH)/Lab15_Multithreading";
			};
			name = Release;
		};
		FCCD661A2BCDF1DA00535FB4 /* Debug */ = {
			isa = XCBuildConfiguration;
			buildSettings = {
				ALWAYS_EMBED_SWIFT_STANDARD_LIBRARIES = YES;
				CODE_SIGN_STYLE = Automatic;
				CURRENT_PROJECT_VERSION = 1;
				GENERATE_INFOPLIST_FILE = YES;
				MARKETING_VERSION = 1.0;
				PRODUCT_BUNDLE_IDENTIFIER = "dwyerisgod.Lab15-MultithreadingUITests";
				PRODUCT_NAME = "$(TARGET_NAME)";
				SWIFT_EMIT_LOC_STRINGS = NO;
				SWIFT_VERSION = 5.0;
				TEST_TARGET_NAME = Lab15_Multithreading;
			};
			name = Debug;
		};
		FCCD661B2BCDF1DA00535FB4 /* Release */ = {
			isa = XCBuildConfiguration;
			buildSettings = {
				ALWAYS_EMBED_SWIFT_STANDARD_LIBRARIES = YES;
				CODE_SIGN_STYLE = Automatic;
				CURRENT_PROJECT_VERSION = 1;
				GENERATE_INFOPLIST_FILE = YES;
				MARKETING_VERSION = 1.0;
				PRODUCT_BUNDLE_IDENTIFIER = "dwyerisgod.Lab15-MultithreadingUITests";
				PRODUCT_NAME = "$(TARGET_NAME)";
				SWIFT_EMIT_LOC_STRINGS = NO;
				SWIFT_VERSION = 5.0;
				TEST_TARGET_NAME = Lab15_Multithreading;
			};
			name = Release;
		};
/* End XCBuildConfiguration section */

/* Begin XCConfigurationList section */
		FCCD65E92BCDF1D800535FB4 /* Build configuration list for PBXProject "Lab15_Multithreading" */ = {
			isa = XCConfigurationList;
			buildConfigurations = (
				FCCD66112BCDF1DA00535FB4 /* Debug */,
				FCCD66122BCDF1DA00535FB4 /* Release */,
			);
			defaultConfigurationIsVisible = 0;
			defaultConfigurationName = Release;
		};
		FCCD66132BCDF1DA00535FB4 /* Build configuration list for PBXNativeTarget "Lab15_Multithreading" */ = {
			isa = XCConfigurationList;
			buildConfigurations = (
				FCCD66142BCDF1DA00535FB4 /* Debug */,
				FCCD66152BCDF1DA00535FB4 /* Release */,
			);
			defaultConfigurationIsVisible = 0;
			defaultConfigurationName = Release;
		};
		FCCD66162BCDF1DA00535FB4 /* Build configuration list for PBXNativeTarget "Lab15_MultithreadingTests" */ = {
			isa = XCConfigurationList;
			buildConfigurations = (
				FCCD66172BCDF1DA00535FB4 /* Debug */,
				FCCD66182BCDF1DA00535FB4 /* Release */,
			);
			defaultConfigurationIsVisible = 0;
			defaultConfigurationName = Release;
		};
		FCCD66192BCDF1DA00535FB4 /* Build configuration list for PBXNativeTarget "Lab15_MultithreadingUITests" */ = {
			isa = XCConfigurationList;
			buildConfigurations = (
				FCCD661A2BCDF1DA00535FB4 /* Debug */,
				FCCD661B2BCDF1DA00535FB4 /* Release */,
			);
			defaultConfigurationIsVisible = 0;
			defaultConfigurationName = Release;
		};
/* End XCConfigurationList section */
	};
	rootObject = FCCD65E62BCDF1D800535FB4 /* Project object */;
}
