// !$*UTF8*$!
{
	archiveVersion = 1;
	classes = {
	};
	objectVersion = 56;
	objects = {

/* Begin PBXBuildFile section */
		FCCD67052BCDF89200535FB4 /* Lab20_VisitorApp.swift in Sources */ = {isa = PBXBuildFile; fileRef = FCCD67042BCDF89200535FB4 /* Lab20_VisitorApp.swift */; };
		FCCD67072BCDF89200535FB4 /* ContentView.swift in Sources */ = {isa = PBXBuildFile; fileRef = FCCD67062BCDF89200535FB4 /* ContentView.swift */; };
		FCCD67092BCDF89400535FB4 /* Assets.xcassets in Resources */ = {isa = PBXBuildFile; fileRef = FCCD67082BCDF89400535FB4 /* Assets.xcassets */; };
		FCCD670C2BCDF89400535FB4 /* Preview Assets.xcassets in Resources */ = {isa = PBXBuildFile; fileRef = FCCD670B2BCDF89400535FB4 /* Preview Assets.xcassets */; };
		FCCD67172BCDF89400535FB4 /* Lab20_VisitorTests.swift in Sources */ = {isa = PBXBuildFile; fileRef = FCCD67162BCDF89400535FB4 /* Lab20_VisitorTests.swift */; };
		FCCD67212BCDF89400535FB4 /* Lab20_VisitorUITests.swift in Sources */ = {isa = PBXBuildFile; fileRef = FCCD67202BCDF89400535FB4 /* Lab20_VisitorUITests.swift */; };
		FCCD67232BCDF89400535FB4 /* Lab20_VisitorUITestsLaunchTests.swift in Sources */ = {isa = PBXBuildFile; fileRef = FCCD67222BCDF89400535FB4 /* Lab20_VisitorUITestsLaunchTests.swift */; };
/* End PBXBuildFile section */

/* Begin PBXContainerItemProxy section */
		FCCD67132BCDF89400535FB4 /* PBXContainerItemProxy */ = {
			isa = PBXContainerItemProxy;
			containerPortal = FCCD66F92BCDF89200535FB4 /* Project object */;
			proxyType = 1;
			remoteGlobalIDString = FCCD67002BCDF89200535FB4;
			remoteInfo = Lab20_Visitor;
		};
		FCCD671D2BCDF89400535FB4 /* PBXContainerItemProxy */ = {
			isa = PBXContainerItemProxy;
			containerPortal = FCCD66F92BCDF89200535FB4 /* Project object */;
			proxyType = 1;
			remoteGlobalIDString = FCCD67002BCDF89200535FB4;
			remoteInfo = Lab20_Visitor;
		};
/* End PBXContainerItemProxy section */

/* Begin PBXFileReference section */
		FCCD67012BCDF89200535FB4 /* Lab20_Visitor.app */ = {isa = PBXFileReference; explicitFileType = wrapper.application; includeInIndex = 0; path = Lab20_Visitor.app; sourceTree = BUILT_PRODUCTS_DIR; };
		FCCD67042BCDF89200535FB4 /* Lab20_VisitorApp.swift */ = {isa = PBXFileReference; lastKnownFileType = sourcecode.swift; path = Lab20_VisitorApp.swift; sourceTree = "<group>"; };
		FCCD67062BCDF89200535FB4 /* ContentView.swift */ = {isa = PBXFileReference; lastKnownFileType = sourcecode.swift; path = ContentView.swift; sourceTree = "<group>"; };
		FCCD67082BCDF89400535FB4 /* Assets.xcassets */ = {isa = PBXFileReference; lastKnownFileType = folder.assetcatalog; path = Assets.xcassets; sourceTree = "<group>"; };
		FCCD670B2BCDF89400535FB4 /* Preview Assets.xcassets */ = {isa = PBXFileReference; lastKnownFileType = folder.assetcatalog; path = "Preview Assets.xcassets"; sourceTree = "<group>"; };
		FCCD670D2BCDF89400535FB4 /* Lab20_Visitor.entitlements */ = {isa = PBXFileReference; lastKnownFileType = text.plist.entitlements; path = Lab20_Visitor.entitlements; sourceTree = "<group>"; };
		FCCD67122BCDF89400535FB4 /* Lab20_VisitorTests.xctest */ = {isa = PBXFileReference; explicitFileType = wrapper.cfbundle; includeInIndex = 0; path = Lab20_VisitorTests.xctest; sourceTree = BUILT_PRODUCTS_DIR; };
		FCCD67162BCDF89400535FB4 /* Lab20_VisitorTests.swift */ = {isa = PBXFileReference; lastKnownFileType = sourcecode.swift; path = Lab20_VisitorTests.swift; sourceTree = "<group>"; };
		FCCD671C2BCDF89400535FB4 /* Lab20_VisitorUITests.xctest */ = {isa = PBXFileReference; explicitFileType = wrapper.cfbundle; includeInIndex = 0; path = Lab20_VisitorUITests.xctest; sourceTree = BUILT_PRODUCTS_DIR; };
		FCCD67202BCDF89400535FB4 /* Lab20_VisitorUITests.swift */ = {isa = PBXFileReference; lastKnownFileType = sourcecode.swift; path = Lab20_VisitorUITests.swift; sourceTree = "<group>"; };
		FCCD67222BCDF89400535FB4 /* Lab20_VisitorUITestsLaunchTests.swift */ = {isa = PBXFileReference; lastKnownFileType = sourcecode.swift; path = Lab20_VisitorUITestsLaunchTests.swift; sourceTree = "<group>"; };
/* End PBXFileReference section */

/* Begin PBXFrameworksBuildPhase section */
		FCCD66FE2BCDF89200535FB4 /* Frameworks */ = {
			isa = PBXFrameworksBuildPhase;
			buildActionMask = 2147483647;
			files = (
			);
			runOnlyForDeploymentPostprocessing = 0;
		};
		FCCD670F2BCDF89400535FB4 /* Frameworks */ = {
			isa = PBXFrameworksBuildPhase;
			buildActionMask = 2147483647;
			files = (
			);
			runOnlyForDeploymentPostprocessing = 0;
		};
		FCCD67192BCDF89400535FB4 /* Frameworks */ = {
			isa = PBXFrameworksBuildPhase;
			buildActionMask = 2147483647;
			files = (
			);
			runOnlyForDeploymentPostprocessing = 0;
		};
/* End PBXFrameworksBuildPhase section */

/* Begin PBXGroup section */
		FCCD66F82BCDF89200535FB4 = {
			isa = PBXGroup;
			children = (
				FCCD67032BCDF89200535FB4 /* Lab20_Visitor */,
				FCCD67152BCDF89400535FB4 /* Lab20_VisitorTests */,
				FCCD671F2BCDF89400535FB4 /* Lab20_VisitorUITests */,
				FCCD67022BCDF89200535FB4 /* Products */,
			);
			sourceTree = "<group>";
		};
		FCCD67022BCDF89200535FB4 /* Products */ = {
			isa = PBXGroup;
			children = (
				FCCD67012BCDF89200535FB4 /* Lab20_Visitor.app */,
				FCCD67122BCDF89400535FB4 /* Lab20_VisitorTests.xctest */,
				FCCD671C2BCDF89400535FB4 /* Lab20_VisitorUITests.xctest */,
			);
			name = Products;
			sourceTree = "<group>";
		};
		FCCD67032BCDF89200535FB4 /* Lab20_Visitor */ = {
			isa = PBXGroup;
			children = (
				FCCD67042BCDF89200535FB4 /* Lab20_VisitorApp.swift */,
				FCCD67062BCDF89200535FB4 /* ContentView.swift */,
				FCCD67082BCDF89400535FB4 /* Assets.xcassets */,
				FCCD670D2BCDF89400535FB4 /* Lab20_Visitor.entitlements */,
				FCCD670A2BCDF89400535FB4 /* Preview Content */,
			);
			path = Lab20_Visitor;
			sourceTree = "<group>";
		};
		FCCD670A2BCDF89400535FB4 /* Preview Content */ = {
			isa = PBXGroup;
			children = (
				FCCD670B2BCDF89400535FB4 /* Preview Assets.xcassets */,
			);
			path = "Preview Content";
			sourceTree = "<group>";
		};
		FCCD67152BCDF89400535FB4 /* Lab20_VisitorTests */ = {
			isa = PBXGroup;
			children = (
				FCCD67162BCDF89400535FB4 /* Lab20_VisitorTests.swift */,
			);
			path = Lab20_VisitorTests;
			sourceTree = "<group>";
		};
		FCCD671F2BCDF89400535FB4 /* Lab20_VisitorUITests */ = {
			isa = PBXGroup;
			children = (
				FCCD67202BCDF89400535FB4 /* Lab20_VisitorUITests.swift */,
				FCCD67222BCDF89400535FB4 /* Lab20_VisitorUITestsLaunchTests.swift */,
			);
			path = Lab20_VisitorUITests;
			sourceTree = "<group>";
		};
/* End PBXGroup section */

/* Begin PBXNativeTarget section */
		FCCD67002BCDF89200535FB4 /* Lab20_Visitor */ = {
			isa = PBXNativeTarget;
			buildConfigurationList = FCCD67262BCDF89400535FB4 /* Build configuration list for PBXNativeTarget "Lab20_Visitor" */;
			buildPhases = (
				FCCD66FD2BCDF89200535FB4 /* Sources */,
				FCCD66FE2BCDF89200535FB4 /* Frameworks */,
				FCCD66FF2BCDF89200535FB4 /* Resources */,
			);
			buildRules = (
			);
			dependencies = (
			);
			name = Lab20_Visitor;
			productName = Lab20_Visitor;
			productReference = FCCD67012BCDF89200535FB4 /* Lab20_Visitor.app */;
			productType = "com.apple.product-type.application";
		};
		FCCD67112BCDF89400535FB4 /* Lab20_VisitorTests */ = {
			isa = PBXNativeTarget;
			buildConfigurationList = FCCD67292BCDF89400535FB4 /* Build configuration list for PBXNativeTarget "Lab20_VisitorTests" */;
			buildPhases = (
				FCCD670E2BCDF89400535FB4 /* Sources */,
				FCCD670F2BCDF89400535FB4 /* Frameworks */,
				FCCD67102BCDF89400535FB4 /* Resources */,
			);
			buildRules = (
			);
			dependencies = (
				FCCD67142BCDF89400535FB4 /* PBXTargetDependency */,
			);
			name = Lab20_VisitorTests;
			productName = Lab20_VisitorTests;
			productReference = FCCD67122BCDF89400535FB4 /* Lab20_VisitorTests.xctest */;
			productType = "com.apple.product-type.bundle.unit-test";
		};
		FCCD671B2BCDF89400535FB4 /* Lab20_VisitorUITests */ = {
			isa = PBXNativeTarget;
			buildConfigurationList = FCCD672C2BCDF89400535FB4 /* Build configuration list for PBXNativeTarget "Lab20_VisitorUITests" */;
			buildPhases = (
				FCCD67182BCDF89400535FB4 /* Sources */,
				FCCD67192BCDF89400535FB4 /* Frameworks */,
				FCCD671A2BCDF89400535FB4 /* Resources */,
			);
			buildRules = (
			);
			dependencies = (
				FCCD671E2BCDF89400535FB4 /* PBXTargetDependency */,
			);
			name = Lab20_VisitorUITests;
			productName = Lab20_VisitorUITests;
			productReference = FCCD671C2BCDF89400535FB4 /* Lab20_VisitorUITests.xctest */;
			productType = "com.apple.product-type.bundle.ui-testing";
		};
/* End PBXNativeTarget section */

/* Begin PBXProject section */
		FCCD66F92BCDF89200535FB4 /* Project object */ = {
			isa = PBXProject;
			attributes = {
				BuildIndependentTargetsInParallel = 1;
				LastSwiftUpdateCheck = 1530;
				LastUpgradeCheck = 1530;
				TargetAttributes = {
					FCCD67002BCDF89200535FB4 = {
						CreatedOnToolsVersion = 15.3;
					};
					FCCD67112BCDF89400535FB4 = {
						CreatedOnToolsVersion = 15.3;
						TestTargetID = FCCD67002BCDF89200535FB4;
					};
					FCCD671B2BCDF89400535FB4 = {
						CreatedOnToolsVersion = 15.3;
						TestTargetID = FCCD67002BCDF89200535FB4;
					};
				};
			};
			buildConfigurationList = FCCD66FC2BCDF89200535FB4 /* Build configuration list for PBXProject "Lab20_Visitor" */;
			compatibilityVersion = "Xcode 14.0";
			developmentRegion = en;
			hasScannedForEncodings = 0;
			knownRegions = (
				en,
				Base,
			);
			mainGroup = FCCD66F82BCDF89200535FB4;
			productRefGroup = FCCD67022BCDF89200535FB4 /* Products */;
			projectDirPath = "";
			projectRoot = "";
			targets = (
				FCCD67002BCDF89200535FB4 /* Lab20_Visitor */,
				FCCD67112BCDF89400535FB4 /* Lab20_VisitorTests */,
				FCCD671B2BCDF89400535FB4 /* Lab20_VisitorUITests */,
			);
		};
/* End PBXProject section */

/* Begin PBXResourcesBuildPhase section */
		FCCD66FF2BCDF89200535FB4 /* Resources */ = {
			isa = PBXResourcesBuildPhase;
			buildActionMask = 2147483647;
			files = (
				FCCD670C2BCDF89400535FB4 /* Preview Assets.xcassets in Resources */,
				FCCD67092BCDF89400535FB4 /* Assets.xcassets in Resources */,
			);
			runOnlyForDeploymentPostprocessing = 0;
		};
		FCCD67102BCDF89400535FB4 /* Resources */ = {
			isa = PBXResourcesBuildPhase;
			buildActionMask = 2147483647;
			files = (
			);
			runOnlyForDeploymentPostprocessing = 0;
		};
		FCCD671A2BCDF89400535FB4 /* Resources */ = {
			isa = PBXResourcesBuildPhase;
			buildActionMask = 2147483647;
			files = (
			);
			runOnlyForDeploymentPostprocessing = 0;
		};
/* End PBXResourcesBuildPhase section */

/* Begin PBXSourcesBuildPhase section */
		FCCD66FD2BCDF89200535FB4 /* Sources */ = {
			isa = PBXSourcesBuildPhase;
			buildActionMask = 2147483647;
			files = (
				FCCD67072BCDF89200535FB4 /* ContentView.swift in Sources */,
				FCCD67052BCDF89200535FB4 /* Lab20_VisitorApp.swift in Sources */,
			);
			runOnlyForDeploymentPostprocessing = 0;
		};
		FCCD670E2BCDF89400535FB4 /* Sources */ = {
			isa = PBXSourcesBuildPhase;
			buildActionMask = 2147483647;
			files = (
				FCCD67172BCDF89400535FB4 /* Lab20_VisitorTests.swift in Sources */,
			);
			runOnlyForDeploymentPostprocessing = 0;
		};
		FCCD67182BCDF89400535FB4 /* Sources */ = {
			isa = PBXSourcesBuildPhase;
			buildActionMask = 2147483647;
			files = (
				FCCD67212BCDF89400535FB4 /* Lab20_VisitorUITests.swift in Sources */,
				FCCD67232BCDF89400535FB4 /* Lab20_VisitorUITestsLaunchTests.swift in Sources */,
			);
			runOnlyForDeploymentPostprocessing = 0;
		};
/* End PBXSourcesBuildPhase section */

/* Begin PBXTargetDependency section */
		FCCD67142BCDF89400535FB4 /* PBXTargetDependency */ = {
			isa = PBXTargetDependency;
			target = FCCD67002BCDF89200535FB4 /* Lab20_Visitor */;
			targetProxy = FCCD67132BCDF89400535FB4 /* PBXContainerItemProxy */;
		};
		FCCD671E2BCDF89400535FB4 /* PBXTargetDependency */ = {
			isa = PBXTargetDependency;
			target = FCCD67002BCDF89200535FB4 /* Lab20_Visitor */;
			targetProxy = FCCD671D2BCDF89400535FB4 /* PBXContainerItemProxy */;
		};
/* End PBXTargetDependency section */

/* Begin XCBuildConfiguration section */
		FCCD67242BCDF89400535FB4 /* Debug */ = {
			isa = XCBuildConfiguration;
			buildSettings = {
				ALWAYS_SEARCH_USER_PATHS = NO;
				ASSETCATALOG_COMPILER_GENERATE_SWIFT_ASSET_SYMBOL_EXTENSIONS = YES;
				CLANG_ANALYZER_NONNULL = YES;
				CLANG_ANALYZER_NUMBER_OBJECT_CONVERSION = YES_AGGRESSIVE;
				CLANG_CXX_LANGUAGE_STANDARD = "gnu++20";
				CLANG_ENABLE_MODULES = YES;
				CLANG_ENABLE_OBJC_ARC = YES;
				CLANG_ENABLE_OBJC_WEAK = YES;
				CLANG_WARN_BLOCK_CAPTURE_AUTORELEASING = YES;
				CLANG_WARN_BOOL_CONVERSION = YES;
				CLANG_WARN_COMMA = YES;
				CLANG_WARN_CONSTANT_CONVERSION = YES;
				CLANG_WARN_DEPRECATED_OBJC_IMPLEMENTATIONS = YES;
				CLANG_WARN_DIRECT_OBJC_ISA_USAGE = YES_ERROR;
				CLANG_WARN_DOCUMENTATION_COMMENTS = YES;
				CLANG_WARN_EMPTY_BODY = YES;
				CLANG_WARN_ENUM_CONVERSION = YES;
				CLANG_WARN_INFINITE_RECURSION = YES;
				CLANG_WARN_INT_CONVERSION = YES;
				CLANG_WARN_NON_LITERAL_NULL_CONVERSION = YES;
				CLANG_WARN_OBJC_IMPLICIT_RETAIN_SELF = YES;
				CLANG_WARN_OBJC_LITERAL_CONVERSION = YES;
				CLANG_WARN_OBJC_ROOT_CLASS = YES_ERROR;
				CLANG_WARN_QUOTED_INCLUDE_IN_FRAMEWORK_HEADER = YES;
				CLANG_WARN_RANGE_LOOP_ANALYSIS = YES;
				CLANG_WARN_STRICT_PROTOTYPES = YES;
				CLANG_WARN_SUSPICIOUS_MOVE = YES;
				CLANG_WARN_UNGUARDED_AVAILABILITY = YES_AGGRESSIVE;
				CLANG_WARN_UNREACHABLE_CODE = YES;
				CLANG_WARN__DUPLICATE_METHOD_MATCH = YES;
				COPY_PHASE_STRIP = NO;
				DEBUG_INFORMATION_FORMAT = dwarf;
				ENABLE_STRICT_OBJC_MSGSEND = YES;
				ENABLE_TESTABILITY = YES;
				ENABLE_USER_SCRIPT_SANDBOXING = YES;
				GCC_C_LANGUAGE_STANDARD = gnu17;
				GCC_DYNAMIC_NO_PIC = NO;
				GCC_NO_COMMON_BLOCKS = YES;
				GCC_OPTIMIZATION_LEVEL = 0;
				GCC_PREPROCESSOR_DEFINITIONS = (
					"DEBUG=1",
					"$(inherited)",
				);
				GCC_WARN_64_TO_32_BIT_CONVERSION = YES;
				GCC_WARN_ABOUT_RETURN_TYPE = YES_ERROR;
				GCC_WARN_UNDECLARED_SELECTOR = YES;
				GCC_WARN_UNINITIALIZED_AUTOS = YES_AGGRESSIVE;
				GCC_WARN_UNUSED_FUNCTION = YES;
				GCC_WARN_UNUSED_VARIABLE = YES;
				LOCALIZATION_PREFERS_STRING_CATALOGS = YES;
				MACOSX_DEPLOYMENT_TARGET = 14.4;
				MTL_ENABLE_DEBUG_INFO = INCLUDE_SOURCE;
				MTL_FAST_MATH = YES;
				ONLY_ACTIVE_ARCH = YES;
				SDKROOT = macosx;
				SWIFT_ACTIVE_COMPILATION_CONDITIONS = "DEBUG $(inherited)";
				SWIFT_OPTIMIZATION_LEVEL = "-Onone";
			};
			name = Debug;
		};
		FCCD67252BCDF89400535FB4 /* Release */ = {
			isa = XCBuildConfiguration;
			buildSettings = {
				ALWAYS_SEARCH_USER_PATHS = NO;
				ASSETCATALOG_COMPILER_GENERATE_SWIFT_ASSET_SYMBOL_EXTENSIONS = YES;
				CLANG_ANALYZER_NONNULL = YES;
				CLANG_ANALYZER_NUMBER_OBJECT_CONVERSION = YES_AGGRESSIVE;
				CLANG_CXX_LANGUAGE_STANDARD = "gnu++20";
				CLANG_ENABLE_MODULES = YES;
				CLANG_ENABLE_OBJC_ARC = YES;
				CLANG_ENABLE_OBJC_WEAK = YES;
				CLANG_WARN_BLOCK_CAPTURE_AUTORELEASING = YES;
				CLANG_WARN_BOOL_CONVERSION = YES;
				CLANG_WARN_COMMA = YES;
				CLANG_WARN_CONSTANT_CONVERSION = YES;
				CLANG_WARN_DEPRECATED_OBJC_IMPLEMENTATIONS = YES;
				CLANG_WARN_DIRECT_OBJC_ISA_USAGE = YES_ERROR;
				CLANG_WARN_DOCUMENTATION_COMMENTS = YES;
				CLANG_WARN_EMPTY_BODY = YES;
				CLANG_WARN_ENUM_CONVERSION = YES;
				CLANG_WARN_INFINITE_RECURSION = YES;
				CLANG_WARN_INT_CONVERSION = YES;
				CLANG_WARN_NON_LITERAL_NULL_CONVERSION = YES;
				CLANG_WARN_OBJC_IMPLICIT_RETAIN_SELF = YES;
				CLANG_WARN_OBJC_LITERAL_CONVERSION = YES;
				CLANG_WARN_OBJC_ROOT_CLASS = YES_ERROR;
				CLANG_WARN_QUOTED_INCLUDE_IN_FRAMEWORK_HEADER = YES;
				CLANG_WARN_RANGE_LOOP_ANALYSIS = YES;
				CLANG_WARN_STRICT_PROTOTYPES = YES;
				CLANG_WARN_SUSPICIOUS_MOVE = YES;
				CLANG_WARN_UNGUARDED_AVAILABILITY = YES_AGGRESSIVE;
				CLANG_WARN_UNREACHABLE_CODE = YES;
				CLANG_WARN__DUPLICATE_METHOD_MATCH = YES;
				COPY_PHASE_STRIP = NO;
				DEBUG_INFORMATION_FORMAT = "dwarf-with-dsym";
				ENABLE_NS_ASSERTIONS = NO;
				ENABLE_STRICT_OBJC_MSGSEND = YES;
				ENABLE_USER_SCRIPT_SANDBOXING = YES;
				GCC_C_LANGUAGE_STANDARD = gnu17;
				GCC_NO_COMMON_BLOCKS = YES;
				GCC_WARN_64_TO_32_BIT_CONVERSION = YES;
				GCC_WARN_ABOUT_RETURN_TYPE = YES_ERROR;
				GCC_WARN_UNDECLARED_SELECTOR = YES;
				GCC_WARN_UNINITIALIZED_AUTOS = YES_AGGRESSIVE;
				GCC_WARN_UNUSED_FUNCTION = YES;
				GCC_WARN_UNUSED_VARIABLE = YES;
				LOCALIZATION_PREFERS_STRING_CATALOGS = YES;
				MACOSX_DEPLOYMENT_TARGET = 14.4;
				MTL_ENABLE_DEBUG_INFO = NO;
				MTL_FAST_MATH = YES;
				SDKROOT = macosx;
				SWIFT_COMPILATION_MODE = wholemodule;
			};
			name = Release;
		};
		FCCD67272BCDF89400535FB4 /* Debug */ = {
			isa = XCBuildConfiguration;
			buildSettings = {
				ASSETCATALOG_COMPILER_APPICON_NAME = AppIcon;
				ASSETCATALOG_COMPILER_GLOBAL_ACCENT_COLOR_NAME = AccentColor;
				CODE_SIGN_ENTITLEMENTS = Lab20_Visitor/Lab20_Visitor.entitlements;
				CODE_SIGN_STYLE = Automatic;
				COMBINE_HIDPI_IMAGES = YES;
				CURRENT_PROJECT_VERSION = 1;
				DEVELOPMENT_ASSET_PATHS = "\"Lab20_Visitor/Preview Content\"";
				ENABLE_PREVIEWS = YES;
				GENERATE_INFOPLIST_FILE = YES;
				INFOPLIST_KEY_NSHumanReadableCopyright = "";
				LD_RUNPATH_SEARCH_PATHS = (
					"$(inherited)",
					"@executable_path/../Frameworks",
				);
				MARKETING_VERSION = 1.0;
				PRODUCT_BUNDLE_IDENTIFIER = "dwyerisgod.Lab20-Visitor";
				PRODUCT_NAME = "$(TARGET_NAME)";
				SWIFT_EMIT_LOC_STRINGS = YES;
				SWIFT_VERSION = 5.0;
			};
			name = Debug;
		};
		FCCD67282BCDF89400535FB4 /* Release */ = {
			isa = XCBuildConfiguration;
			buildSettings = {
				ASSETCATALOG_COMPILER_APPICON_NAME = AppIcon;
				ASSETCATALOG_COMPILER_GLOBAL_ACCENT_COLOR_NAME = AccentColor;
				CODE_SIGN_ENTITLEMENTS = Lab20_Visitor/Lab20_Visitor.entitlements;
				CODE_SIGN_STYLE = Automatic;
				COMBINE_HIDPI_IMAGES = YES;
				CURRENT_PROJECT_VERSION = 1;
				DEVELOPMENT_ASSET_PATHS = "\"Lab20_Visitor/Preview Content\"";
				ENABLE_PREVIEWS = YES;
				GENERATE_INFOPLIST_FILE = YES;
				INFOPLIST_KEY_NSHumanReadableCopyright = "";
				LD_RUNPATH_SEARCH_PATHS = (
					"$(inherited)",
					"@executable_path/../Frameworks",
				);
				MARKETING_VERSION = 1.0;
				PRODUCT_BUNDLE_IDENTIFIER = "dwyerisgod.Lab20-Visitor";
				PRODUCT_NAME = "$(TARGET_NAME)";
				SWIFT_EMIT_LOC_STRINGS = YES;
				SWIFT_VERSION = 5.0;
			};
			name = Release;
		};
		FCCD672A2BCDF89400535FB4 /* Debug */ = {
			isa = XCBuildConfiguration;
			buildSettings = {
				ALWAYS_EMBED_SWIFT_STANDARD_LIBRARIES = YES;
				BUNDLE_LOADER = "$(TEST_HOST)";
				CODE_SIGN_STYLE = Automatic;
				CURRENT_PROJECT_VERSION = 1;
				GENERATE_INFOPLIST_FILE = YES;
				MACOSX_DEPLOYMENT_TARGET = 14.4;
				MARKETING_VERSION = 1.0;
				PRODUCT_BUNDLE_IDENTIFIER = "dwyerisgod.Lab20-VisitorTests";
				PRODUCT_NAME = "$(TARGET_NAME)";
				SWIFT_EMIT_LOC_STRINGS = NO;
				SWIFT_VERSION = 5.0;
				TEST_HOST = "$(BUILT_PRODUCTS_DIR)/Lab20_Visitor.app/$(BUNDLE_EXECUTABLE_FOLDER_PATH)/Lab20_Visitor";
			};
			name = Debug;
		};
		FCCD672B2BCDF89400535FB4 /* Release */ = {
			isa = XCBuildConfiguration;
			buildSettings = {
				ALWAYS_EMBED_SWIFT_STANDARD_LIBRARIES = YES;
				BUNDLE_LOADER = "$(TEST_HOST)";
				CODE_SIGN_STYLE = Automatic;
				CURRENT_PROJECT_VERSION = 1;
				GENERATE_INFOPLIST_FILE = YES;
				MACOSX_DEPLOYMENT_TARGET = 14.4;
				MARKETING_VERSION = 1.0;
				PRODUCT_BUNDLE_IDENTIFIER = "dwyerisgod.Lab20-VisitorTests";
				PRODUCT_NAME = "$(TARGET_NAME)";
				SWIFT_EMIT_LOC_STRINGS = NO;
				SWIFT_VERSION = 5.0;
				TEST_HOST = "$(BUILT_PRODUCTS_DIR)/Lab20_Visitor.app/$(BUNDLE_EXECUTABLE_FOLDER_PATH)/Lab20_Visitor";
			};
			name = Release;
		};
		FCCD672D2BCDF89400535FB4 /* Debug */ = {
			isa = XCBuildConfiguration;
			buildSettings = {
				ALWAYS_EMBED_SWIFT_STANDARD_LIBRARIES = YES;
				CODE_SIGN_STYLE = Automatic;
				CURRENT_PROJECT_VERSION = 1;
				GENERATE_INFOPLIST_FILE = YES;
				MARKETING_VERSION = 1.0;
				PRODUCT_BUNDLE_IDENTIFIER = "dwyerisgod.Lab20-VisitorUITests";
				PRODUCT_NAME = "$(TARGET_NAME)";
				SWIFT_EMIT_LOC_STRINGS = NO;
				SWIFT_VERSION = 5.0;
				TEST_TARGET_NAME = Lab20_Visitor;
			};
			name = Debug;
		};
		FCCD672E2BCDF89400535FB4 /* Release */ = {
			isa = XCBuildConfiguration;
			buildSettings = {
				ALWAYS_EMBED_SWIFT_STANDARD_LIBRARIES = YES;
				CODE_SIGN_STYLE = Automatic;
				CURRENT_PROJECT_VERSION = 1;
				GENERATE_INFOPLIST_FILE = YES;
				MARKETING_VERSION = 1.0;
				PRODUCT_BUNDLE_IDENTIFIER = "dwyerisgod.Lab20-VisitorUITests";
				PRODUCT_NAME = "$(TARGET_NAME)";
				SWIFT_EMIT_LOC_STRINGS = NO;
				SWIFT_VERSION = 5.0;
				TEST_TARGET_NAME = Lab20_Visitor;
			};
			name = Release;
		};
/* End XCBuildConfiguration section */

/* Begin XCConfigurationList section */
		FCCD66FC2BCDF89200535FB4 /* Build configuration list for PBXProject "Lab20_Visitor" */ = {
			isa = XCConfigurationList;
			buildConfigurations = (
				FCCD67242BCDF89400535FB4 /* Debug */,
				FCCD67252BCDF89400535FB4 /* Release */,
			);
			defaultConfigurationIsVisible = 0;
			defaultConfigurationName = Release;
		};
		FCCD67262BCDF89400535FB4 /* Build configuration list for PBXNativeTarget "Lab20_Visitor" */ = {
			isa = XCConfigurationList;
			buildConfigurations = (
				FCCD67272BCDF89400535FB4 /* Debug */,
				FCCD67282BCDF89400535FB4 /* Release */,
			);
			defaultConfigurationIsVisible = 0;
			defaultConfigurationName = Release;
		};
		FCCD67292BCDF89400535FB4 /* Build configuration list for PBXNativeTarget "Lab20_VisitorTests" */ = {
			isa = XCConfigurationList;
			buildConfigurations = (
				FCCD672A2BCDF89400535FB4 /* Debug */,
				FCCD672B2BCDF89400535FB4 /* Release */,
			);
			defaultConfigurationIsVisible = 0;
			defaultConfigurationName = Release;
		};
		FCCD672C2BCDF89400535FB4 /* Build configuration list for PBXNativeTarget "Lab20_VisitorUITests" */ = {
			isa = XCConfigurationList;
			buildConfigurations = (
				FCCD672D2BCDF89400535FB4 /* Debug */,
				FCCD672E2BCDF89400535FB4 /* Release */,
			);
			defaultConfigurationIsVisible = 0;
			defaultConfigurationName = Release;
		};
/* End XCConfigurationList section */
	};
	rootObject = FCCD66F92BCDF89200535FB4 /* Project object */;
}
